// !$*UTF8*$!
{
	archiveVersion = 1;
	classes = {
	};
	objectVersion = 56;
	objects = {

/* Begin PBXBuildFile section */
		30D1F620291591E900E02064 /* RayMarchingApp.swift in Sources */ = {isa = PBXBuildFile; fileRef = 30D1F61F291591E900E02064 /* RayMarchingApp.swift */; };
		30D1F622291591E900E02064 /* ContentView.swift in Sources */ = {isa = PBXBuildFile; fileRef = 30D1F621291591E900E02064 /* ContentView.swift */; };
		30D1F624291591EB00E02064 /* Assets.xcassets in Resources */ = {isa = PBXBuildFile; fileRef = 30D1F623291591EB00E02064 /* Assets.xcassets */; };
		30D1F628291591EB00E02064 /* Preview Assets.xcassets in Resources */ = {isa = PBXBuildFile; fileRef = 30D1F627291591EB00E02064 /* Preview Assets.xcassets */; };
		30D1F632291591EB00E02064 /* RayMarchingTests.swift in Sources */ = {isa = PBXBuildFile; fileRef = 30D1F631291591EB00E02064 /* RayMarchingTests.swift */; };
		30D1F63C291591EB00E02064 /* RayMarchingUITests.swift in Sources */ = {isa = PBXBuildFile; fileRef = 30D1F63B291591EB00E02064 /* RayMarchingUITests.swift */; };
		30D1F63E291591EB00E02064 /* RayMarchingUITestsLaunchTests.swift in Sources */ = {isa = PBXBuildFile; fileRef = 30D1F63D291591EB00E02064 /* RayMarchingUITestsLaunchTests.swift */; };
/* End PBXBuildFile section */

/* Begin PBXContainerItemProxy section */
		30D1F62E291591EB00E02064 /* PBXContainerItemProxy */ = {
			isa = PBXContainerItemProxy;
			containerPortal = 30D1F614291591E900E02064 /* Project object */;
			proxyType = 1;
			remoteGlobalIDString = 30D1F61B291591E900E02064;
			remoteInfo = RayMarching;
		};
		30D1F638291591EB00E02064 /* PBXContainerItemProxy */ = {
			isa = PBXContainerItemProxy;
			containerPortal = 30D1F614291591E900E02064 /* Project object */;
			proxyType = 1;
			remoteGlobalIDString = 30D1F61B291591E900E02064;
			remoteInfo = RayMarching;
		};
/* End PBXContainerItemProxy section */

/* Begin PBXFileReference section */
		30D1F61C291591E900E02064 /* RayMarching.app */ = {isa = PBXFileReference; explicitFileType = wrapper.application; includeInIndex = 0; path = RayMarching.app; sourceTree = BUILT_PRODUCTS_DIR; };
		30D1F61F291591E900E02064 /* RayMarchingApp.swift */ = {isa = PBXFileReference; lastKnownFileType = sourcecode.swift; path = RayMarchingApp.swift; sourceTree = "<group>"; };
		30D1F621291591E900E02064 /* ContentView.swift */ = {isa = PBXFileReference; lastKnownFileType = sourcecode.swift; path = ContentView.swift; sourceTree = "<group>"; };
		30D1F623291591EB00E02064 /* Assets.xcassets */ = {isa = PBXFileReference; lastKnownFileType = folder.assetcatalog; path = Assets.xcassets; sourceTree = "<group>"; };
		30D1F625291591EB00E02064 /* RayMarching.entitlements */ = {isa = PBXFileReference; lastKnownFileType = text.plist.entitlements; path = RayMarching.entitlements; sourceTree = "<group>"; };
		30D1F627291591EB00E02064 /* Preview Assets.xcassets */ = {isa = PBXFileReference; lastKnownFileType = folder.assetcatalog; path = "Preview Assets.xcassets"; sourceTree = "<group>"; };
		30D1F62D291591EB00E02064 /* RayMarchingTests.xctest */ = {isa = PBXFileReference; explicitFileType = wrapper.cfbundle; includeInIndex = 0; path = RayMarchingTests.xctest; sourceTree = BUILT_PRODUCTS_DIR; };
		30D1F631291591EB00E02064 /* RayMarchingTests.swift */ = {isa = PBXFileReference; lastKnownFileType = sourcecode.swift; path = RayMarchingTests.swift; sourceTree = "<group>"; };
		30D1F637291591EB00E02064 /* RayMarchingUITests.xctest */ = {isa = PBXFileReference; explicitFileType = wrapper.cfbundle; includeInIndex = 0; path = RayMarchingUITests.xctest; sourceTree = BUILT_PRODUCTS_DIR; };
		30D1F63B291591EB00E02064 /* RayMarchingUITests.swift */ = {isa = PBXFileReference; lastKnownFileType = sourcecode.swift; path = RayMarchingUITests.swift; sourceTree = "<group>"; };
		30D1F63D291591EB00E02064 /* RayMarchingUITestsLaunchTests.swift */ = {isa = PBXFileReference; lastKnownFileType = sourcecode.swift; path = RayMarchingUITestsLaunchTests.swift; sourceTree = "<group>"; };
/* End PBXFileReference section */

/* Begin PBXFrameworksBuildPhase section */
		30D1F619291591E900E02064 /* Frameworks */ = {
			isa = PBXFrameworksBuildPhase;
			buildActionMask = 2147483647;
			files = (
			);
			runOnlyForDeploymentPostprocessing = 0;
		};
		30D1F62A291591EB00E02064 /* Frameworks */ = {
			isa = PBXFrameworksBuildPhase;
			buildActionMask = 2147483647;
			files = (
			);
			runOnlyForDeploymentPostprocessing = 0;
		};
		30D1F634291591EB00E02064 /* Frameworks */ = {
			isa = PBXFrameworksBuildPhase;
			buildActionMask = 2147483647;
			files = (
			);
			runOnlyForDeploymentPostprocessing = 0;
		};
/* End PBXFrameworksBuildPhase section */

/* Begin PBXGroup section */
		30D1F613291591E900E02064 = {
			isa = PBXGroup;
			children = (
				30D1F61E291591E900E02064 /* RayMarching */,
				30D1F630291591EB00E02064 /* RayMarchingTests */,
				30D1F63A291591EB00E02064 /* RayMarchingUITests */,
				30D1F61D291591E900E02064 /* Products */,
			);
			sourceTree = "<group>";
		};
		30D1F61D291591E900E02064 /* Products */ = {
			isa = PBXGroup;
			children = (
				30D1F61C291591E900E02064 /* RayMarching.app */,
				30D1F62D291591EB00E02064 /* RayMarchingTests.xctest */,
				30D1F637291591EB00E02064 /* RayMarchingUITests.xctest */,
			);
			name = Products;
			sourceTree = "<group>";
		};
		30D1F61E291591E900E02064 /* RayMarching */ = {
			isa = PBXGroup;
			children = (
				30D1F61F291591E900E02064 /* RayMarchingApp.swift */,
				30D1F621291591E900E02064 /* ContentView.swift */,
				30D1F623291591EB00E02064 /* Assets.xcassets */,
				30D1F625291591EB00E02064 /* RayMarching.entitlements */,
				30D1F626291591EB00E02064 /* Preview Content */,
			);
			path = RayMarching;
			sourceTree = "<group>";
		};
		30D1F626291591EB00E02064 /* Preview Content */ = {
			isa = PBXGroup;
			children = (
				30D1F627291591EB00E02064 /* Preview Assets.xcassets */,
			);
			path = "Preview Content";
			sourceTree = "<group>";
		};
		30D1F630291591EB00E02064 /* RayMarchingTests */ = {
			isa = PBXGroup;
			children = (
				30D1F631291591EB00E02064 /* RayMarchingTests.swift */,
			);
			path = RayMarchingTests;
			sourceTree = "<group>";
		};
		30D1F63A291591EB00E02064 /* RayMarchingUITests */ = {
			isa = PBXGroup;
			children = (
				30D1F63B291591EB00E02064 /* RayMarchingUITests.swift */,
				30D1F63D291591EB00E02064 /* RayMarchingUITestsLaunchTests.swift */,
			);
			path = RayMarchingUITests;
			sourceTree = "<group>";
		};
/* End PBXGroup section */

/* Begin PBXNativeTarget section */
		30D1F61B291591E900E02064 /* RayMarching */ = {
			isa = PBXNativeTarget;
			buildConfigurationList = 30D1F641291591EB00E02064 /* Build configuration list for PBXNativeTarget "RayMarching" */;
			buildPhases = (
				30D1F618291591E900E02064 /* Sources */,
				30D1F619291591E900E02064 /* Frameworks */,
				30D1F61A291591E900E02064 /* Resources */,
			);
			buildRules = (
			);
			dependencies = (
			);
			name = RayMarching;
			productName = RayMarching;
			productReference = 30D1F61C291591E900E02064 /* RayMarching.app */;
			productType = "com.apple.product-type.application";
		};
		30D1F62C291591EB00E02064 /* RayMarchingTests */ = {
			isa = PBXNativeTarget;
			buildConfigurationList = 30D1F644291591EB00E02064 /* Build configuration list for PBXNativeTarget "RayMarchingTests" */;
			buildPhases = (
				30D1F629291591EB00E02064 /* Sources */,
				30D1F62A291591EB00E02064 /* Frameworks */,
				30D1F62B291591EB00E02064 /* Resources */,
			);
			buildRules = (
			);
			dependencies = (
				30D1F62F291591EB00E02064 /* PBXTargetDependency */,
			);
			name = RayMarchingTests;
			productName = RayMarchingTests;
			productReference = 30D1F62D291591EB00E02064 /* RayMarchingTests.xctest */;
			productType = "com.apple.product-type.bundle.unit-test";
		};
		30D1F636291591EB00E02064 /* RayMarchingUITests */ = {
			isa = PBXNativeTarget;
			buildConfigurationList = 30D1F647291591EB00E02064 /* Build configuration list for PBXNativeTarget "RayMarchingUITests" */;
			buildPhases = (
				30D1F633291591EB00E02064 /* Sources */,
				30D1F634291591EB00E02064 /* Frameworks */,
				30D1F635291591EB00E02064 /* Resources */,
			);
			buildRules = (
			);
			dependencies = (
				30D1F639291591EB00E02064 /* PBXTargetDependency */,
			);
			name = RayMarchingUITests;
			productName = RayMarchingUITests;
			productReference = 30D1F637291591EB00E02064 /* RayMarchingUITests.xctest */;
			productType = "com.apple.product-type.bundle.ui-testing";
		};
/* End PBXNativeTarget section */

/* Begin PBXProject section */
		30D1F614291591E900E02064 /* Project object */ = {
			isa = PBXProject;
			attributes = {
				BuildIndependentTargetsInParallel = 1;
				LastSwiftUpdateCheck = 1400;
				LastUpgradeCheck = 1400;
				TargetAttributes = {
					30D1F61B291591E900E02064 = {
						CreatedOnToolsVersion = 14.0.1;
					};
					30D1F62C291591EB00E02064 = {
						CreatedOnToolsVersion = 14.0.1;
						TestTargetID = 30D1F61B291591E900E02064;
					};
					30D1F636291591EB00E02064 = {
						CreatedOnToolsVersion = 14.0.1;
						TestTargetID = 30D1F61B291591E900E02064;
					};
				};
			};
			buildConfigurationList = 30D1F617291591E900E02064 /* Build configuration list for PBXProject "RayMarching" */;
			compatibilityVersion = "Xcode 14.0";
			developmentRegion = en;
			hasScannedForEncodings = 0;
			knownRegions = (
				en,
				Base,
			);
			mainGroup = 30D1F613291591E900E02064;
			productRefGroup = 30D1F61D291591E900E02064 /* Products */;
			projectDirPath = "";
			projectRoot = "";
			targets = (
				30D1F61B291591E900E02064 /* RayMarching */,
				30D1F62C291591EB00E02064 /* RayMarchingTests */,
				30D1F636291591EB00E02064 /* RayMarchingUITests */,
			);
		};
/* End PBXProject section */

/* Begin PBXResourcesBuildPhase section */
		30D1F61A291591E900E02064 /* Resources */ = {
			isa = PBXResourcesBuildPhase;
			buildActionMask = 2147483647;
			files = (
				30D1F628291591EB00E02064 /* Preview Assets.xcassets in Resources */,
				30D1F624291591EB00E02064 /* Assets.xcassets in Resources */,
			);
			runOnlyForDeploymentPostprocessing = 0;
		};
		30D1F62B291591EB00E02064 /* Resources */ = {
			isa = PBXResourcesBuildPhase;
			buildActionMask = 2147483647;
			files = (
			);
			runOnlyForDeploymentPostprocessing = 0;
		};
		30D1F635291591EB00E02064 /* Resources */ = {
			isa = PBXResourcesBuildPhase;
			buildActionMask = 2147483647;
			files = (
			);
			runOnlyForDeploymentPostprocessing = 0;
		};
/* End PBXResourcesBuildPhase section */

/* Begin PBXSourcesBuildPhase section */
		30D1F618291591E900E02064 /* Sources */ = {
			isa = PBXSourcesBuildPhase;
			buildActionMask = 2147483647;
			files = (
				30D1F622291591E900E02064 /* ContentView.swift in Sources */,
				30D1F620291591E900E02064 /* RayMarchingApp.swift in Sources */,
			);
			runOnlyForDeploymentPostprocessing = 0;
		};
		30D1F629291591EB00E02064 /* Sources */ = {
			isa = PBXSourcesBuildPhase;
			buildActionMask = 2147483647;
			files = (
				30D1F632291591EB00E02064 /* RayMarchingTests.swift in Sources */,
			);
			runOnlyForDeploymentPostprocessing = 0;
		};
		30D1F633291591EB00E02064 /* Sources */ = {
			isa = PBXSourcesBuildPhase;
			buildActionMask = 2147483647;
			files = (
				30D1F63E291591EB00E02064 /* RayMarchingUITestsLaunchTests.swift in Sources */,
				30D1F63C291591EB00E02064 /* RayMarchingUITests.swift in Sources */,
			);
			runOnlyForDeploymentPostprocessing = 0;
		};
/* End PBXSourcesBuildPhase section */

/* Begin PBXTargetDependency section */
		30D1F62F291591EB00E02064 /* PBXTargetDependency */ = {
			isa = PBXTargetDependency;
			target = 30D1F61B291591E900E02064 /* RayMarching */;
			targetProxy = 30D1F62E291591EB00E02064 /* PBXContainerItemProxy */;
		};
		30D1F639291591EB00E02064 /* PBXTargetDependency */ = {
			isa = PBXTargetDependency;
			target = 30D1F61B291591E900E02064 /* RayMarching */;
			targetProxy = 30D1F638291591EB00E02064 /* PBXContainerItemProxy */;
		};
/* End PBXTargetDependency section */

/* Begin XCBuildConfiguration section */
		30D1F63F291591EB00E02064 /* Debug */ = {
			isa = XCBuildConfiguration;
			buildSettings = {
				ALWAYS_SEARCH_USER_PATHS = NO;
				CLANG_ANALYZER_NONNULL = YES;
				CLANG_ANALYZER_NUMBER_OBJECT_CONVERSION = YES_AGGRESSIVE;
				CLANG_CXX_LANGUAGE_STANDARD = "gnu++20";
				CLANG_ENABLE_MODULES = YES;
				CLANG_ENABLE_OBJC_ARC = YES;
				CLANG_ENABLE_OBJC_WEAK = YES;
				CLANG_WARN_BLOCK_CAPTURE_AUTORELEASING = YES;
				CLANG_WARN_BOOL_CONVERSION = YES;
				CLANG_WARN_COMMA = YES;
				CLANG_WARN_CONSTANT_CONVERSION = YES;
				CLANG_WARN_DEPRECATED_OBJC_IMPLEMENTATIONS = YES;
				CLANG_WARN_DIRECT_OBJC_ISA_USAGE = YES_ERROR;
				CLANG_WARN_DOCUMENTATION_COMMENTS = YES;
				CLANG_WARN_EMPTY_BODY = YES;
				CLANG_WARN_ENUM_CONVERSION = YES;
				CLANG_WARN_INFINITE_RECURSION = YES;
				CLANG_WARN_INT_CONVERSION = YES;
				CLANG_WARN_NON_LITERAL_NULL_CONVERSION = YES;
				CLANG_WARN_OBJC_IMPLICIT_RETAIN_SELF = YES;
				CLANG_WARN_OBJC_LITERAL_CONVERSION = YES;
				CLANG_WARN_OBJC_ROOT_CLASS = YES_ERROR;
				CLANG_WARN_QUOTED_INCLUDE_IN_FRAMEWORK_HEADER = YES;
				CLANG_WARN_RANGE_LOOP_ANALYSIS = YES;
				CLANG_WARN_STRICT_PROTOTYPES = YES;
				CLANG_WARN_SUSPICIOUS_MOVE = YES;
				CLANG_WARN_UNGUARDED_AVAILABILITY = YES_AGGRESSIVE;
				CLANG_WARN_UNREACHABLE_CODE = YES;
				CLANG_WARN__DUPLICATE_METHOD_MATCH = YES;
				COPY_PHASE_STRIP = NO;
				DEBUG_INFORMATION_FORMAT = dwarf;
				ENABLE_STRICT_OBJC_MSGSEND = YES;
				ENABLE_TESTABILITY = YES;
				GCC_C_LANGUAGE_STANDARD = gnu11;
				GCC_DYNAMIC_NO_PIC = NO;
				GCC_NO_COMMON_BLOCKS = YES;
				GCC_OPTIMIZATION_LEVEL = 0;
				GCC_PREPROCESSOR_DEFINITIONS = (
					"DEBUG=1",
					"$(inherited)",
				);
				GCC_WARN_64_TO_32_BIT_CONVERSION = YES;
				GCC_WARN_ABOUT_RETURN_TYPE = YES_ERROR;
				GCC_WARN_UNDECLARED_SELECTOR = YES;
				GCC_WARN_UNINITIALIZED_AUTOS = YES_AGGRESSIVE;
				GCC_WARN_UNUSED_FUNCTION = YES;
				GCC_WARN_UNUSED_VARIABLE = YES;
				MTL_ENABLE_DEBUG_INFO = INCLUDE_SOURCE;
				MTL_FAST_MATH = YES;
				ONLY_ACTIVE_ARCH = YES;
				SWIFT_ACTIVE_COMPILATION_CONDITIONS = DEBUG;
				SWIFT_OPTIMIZATION_LEVEL = "-Onone";
			};
			name = Debug;
		};
		30D1F640291591EB00E02064 /* Release */ = {
			isa = XCBuildConfiguration;
			buildSettings = {
				ALWAYS_SEARCH_USER_PATHS = NO;
				CLANG_ANALYZER_NONNULL = YES;
				CLANG_ANALYZER_NUMBER_OBJECT_CONVERSION = YES_AGGRESSIVE;
				CLANG_CXX_LANGUAGE_STANDARD = "gnu++20";
				CLANG_ENABLE_MODULES = YES;
				CLANG_ENABLE_OBJC_ARC = YES;
				CLANG_ENABLE_OBJC_WEAK = YES;
				CLANG_WARN_BLOCK_CAPTURE_AUTORELEASING = YES;
				CLANG_WARN_BOOL_CONVERSION = YES;
				CLANG_WARN_COMMA = YES;
				CLANG_WARN_CONSTANT_CONVERSION = YES;
				CLANG_WARN_DEPRECATED_OBJC_IMPLEMENTATIONS = YES;
				CLANG_WARN_DIRECT_OBJC_ISA_USAGE = YES_ERROR;
				CLANG_WARN_DOCUMENTATION_COMMENTS = YES;
				CLANG_WARN_EMPTY_BODY = YES;
				CLANG_WARN_ENUM_CONVERSION = YES;
				CLANG_WARN_INFINITE_RECURSION = YES;
				CLANG_WARN_INT_CONVERSION = YES;
				CLANG_WARN_NON_LITERAL_NULL_CONVERSION = YES;
				CLANG_WARN_OBJC_IMPLICIT_RETAIN_SELF = YES;
				CLANG_WARN_OBJC_LITERAL_CONVERSION = YES;
				CLANG_WARN_OBJC_ROOT_CLASS = YES_ERROR;
				CLANG_WARN_QUOTED_INCLUDE_IN_FRAMEWORK_HEADER = YES;
				CLANG_WARN_RANGE_LOOP_ANALYSIS = YES;
				CLANG_WARN_STRICT_PROTOTYPES = YES;
				CLANG_WARN_SUSPICIOUS_MOVE = YES;
				CLANG_WARN_UNGUARDED_AVAILABILITY = YES_AGGRESSIVE;
				CLANG_WARN_UNREACHABLE_CODE = YES;
				CLANG_WARN__DUPLICATE_METHOD_MATCH = YES;
				COPY_PHASE_STRIP = NO;
				DEBUG_INFORMATION_FORMAT = "dwarf-with-dsym";
				ENABLE_NS_ASSERTIONS = NO;
				ENABLE_STRICT_OBJC_MSGSEND = YES;
				GCC_C_LANGUAGE_STANDARD = gnu11;
				GCC_NO_COMMON_BLOCKS = YES;
				GCC_WARN_64_TO_32_BIT_CONVERSION = YES;
				GCC_WARN_ABOUT_RETURN_TYPE = YES_ERROR;
				GCC_WARN_UNDECLARED_SELECTOR = YES;
				GCC_WARN_UNINITIALIZED_AUTOS = YES_AGGRESSIVE;
				GCC_WARN_UNUSED_FUNCTION = YES;
				GCC_WARN_UNUSED_VARIABLE = YES;
				MTL_ENABLE_DEBUG_INFO = NO;
				MTL_FAST_MATH = YES;
				SWIFT_COMPILATION_MODE = wholemodule;
				SWIFT_OPTIMIZATION_LEVEL = "-O";
			};
			name = Release;
		};
		30D1F642291591EB00E02064 /* Debug */ = {
			isa = XCBuildConfiguration;
			buildSettings = {
				ASSETCATALOG_COMPILER_APPICON_NAME = AppIcon;
				ASSETCATALOG_COMPILER_GLOBAL_ACCENT_COLOR_NAME = AccentColor;
				CODE_SIGN_ENTITLEMENTS = RayMarching/RayMarching.entitlements;
				CODE_SIGN_STYLE = Automatic;
				CURRENT_PROJECT_VERSION = 1;
				DEVELOPMENT_ASSET_PATHS = "\"RayMarching/Preview Content\"";
				DEVELOPMENT_TEAM = 597PF7552F;
				ENABLE_HARDENED_RUNTIME = YES;
				ENABLE_PREVIEWS = YES;
				GENERATE_INFOPLIST_FILE = YES;
				"INFOPLIST_KEY_UIApplicationSceneManifest_Generation[sdk=iphoneos*]" = YES;
				"INFOPLIST_KEY_UIApplicationSceneManifest_Generation[sdk=iphonesimulator*]" = YES;
				"INFOPLIST_KEY_UIApplicationSupportsIndirectInputEvents[sdk=iphoneos*]" = YES;
				"INFOPLIST_KEY_UIApplicationSupportsIndirectInputEvents[sdk=iphonesimulator*]" = YES;
				"INFOPLIST_KEY_UILaunchScreen_Generation[sdk=iphoneos*]" = YES;
				"INFOPLIST_KEY_UILaunchScreen_Generation[sdk=iphonesimulator*]" = YES;
				"INFOPLIST_KEY_UIStatusBarStyle[sdk=iphoneos*]" = UIStatusBarStyleDefault;
				"INFOPLIST_KEY_UIStatusBarStyle[sdk=iphonesimulator*]" = UIStatusBarStyleDefault;
				INFOPLIST_KEY_UISupportedInterfaceOrientations_iPad = "UIInterfaceOrientationPortrait UIInterfaceOrientationPortraitUpsideDown UIInterfaceOrientationLandscapeLeft UIInterfaceOrientationLandscapeRight";
				INFOPLIST_KEY_UISupportedInterfaceOrientations_iPhone = "UIInterfaceOrientationPortrait UIInterfaceOrientationLandscapeLeft UIInterfaceOrientationLandscapeRight";
				IPHONEOS_DEPLOYMENT_TARGET = 16.0;
				LD_RUNPATH_SEARCH_PATHS = "@executable_path/Frameworks";
				"LD_RUNPATH_SEARCH_PATHS[sdk=macosx*]" = "@executable_path/../Frameworks";
				MACOSX_DEPLOYMENT_TARGET = 12.3;
				MARKETING_VERSION = 1.0;
				PRODUCT_BUNDLE_IDENTIFIER = kelkamonStudios.RayMarching;
				PRODUCT_NAME = "$(TARGET_NAME)";
				SDKROOT = auto;
				SUPPORTED_PLATFORMS = "iphoneos iphonesimulator macosx";
				SWIFT_EMIT_LOC_STRINGS = YES;
				SWIFT_VERSION = 5.0;
				TARGETED_DEVICE_FAMILY = "1,2";
			};
			name = Debug;
		};
		30D1F643291591EB00E02064 /* Release */ = {
			isa = XCBuildConfiguration;
			buildSettings = {
				ASSETCATALOG_COMPILER_APPICON_NAME = AppIcon;
				ASSETCATALOG_COMPILER_GLOBAL_ACCENT_COLOR_NAME = AccentColor;
				CODE_SIGN_ENTITLEMENTS = RayMarching/RayMarching.entitlements;
				CODE_SIGN_STYLE = Automatic;
				CURRENT_PROJECT_VERSION = 1;
				DEVELOPMENT_ASSET_PATHS = "\"RayMarching/Preview Content\"";
				DEVELOPMENT_TEAM = 597PF7552F;
				ENABLE_HARDENED_RUNTIME = YES;
				ENABLE_PREVIEWS = YES;
				GENERATE_INFOPLIST_FILE = YES;
				"INFOPLIST_KEY_UIApplicationSceneManifest_Generation[sdk=iphoneos*]" = YES;
				"INFOPLIST_KEY_UIApplicationSceneManifest_Generation[sdk=iphonesimulator*]" = YES;
				"INFOPLIST_KEY_UIApplicationSupportsIndirectInputEvents[sdk=iphoneos*]" = YES;
				"INFOPLIST_KEY_UIApplicationSupportsIndirectInputEvents[sdk=iphonesimulator*]" = YES;
				"INFOPLIST_KEY_UILaunchScreen_Generation[sdk=iphoneos*]" = YES;
				"INFOPLIST_KEY_UILaunchScreen_Generation[sdk=iphonesimulator*]" = YES;
				"INFOPLIST_KEY_UIStatusBarStyle[sdk=iphoneos*]" = UIStatusBarStyleDefault;
				"INFOPLIST_KEY_UIStatusBarStyle[sdk=iphonesimulator*]" = UIStatusBarStyleDefault;
				INFOPLIST_KEY_UISupportedInterfaceOrientations_iPad = "UIInterfaceOrientationPortrait UIInterfaceOrientationPortraitUpsideDown UIInterfaceOrientationLandscapeLeft UIInterfaceOrientationLandscapeRight";
				INFOPLIST_KEY_UISupportedInterfaceOrientations_iPhone = "UIInterfaceOrientationPortrait UIInterfaceOrientationLandscapeLeft UIInterfaceOrientationLandscapeRight";
				IPHONEOS_DEPLOYMENT_TARGET = 16.0;
				LD_RUNPATH_SEARCH_PATHS = "@executable_path/Frameworks";
				"LD_RUNPATH_SEARCH_PATHS[sdk=macosx*]" = "@executable_path/../Frameworks";
				MACOSX_DEPLOYMENT_TARGET = 12.3;
				MARKETING_VERSION = 1.0;
				PRODUCT_BUNDLE_IDENTIFIER = kelkamonStudios.RayMarching;
				PRODUCT_NAME = "$(TARGET_NAME)";
				SDKROOT = auto;
				SUPPORTED_PLATFORMS = "iphoneos iphonesimulator macosx";
				SWIFT_EMIT_LOC_STRINGS = YES;
				SWIFT_VERSION = 5.0;
				TARGETED_DEVICE_FAMILY = "1,2";
			};
			name = Release;
		};
		30D1F645291591EB00E02064 /* Debug */ = {
			isa = XCBuildConfiguration;
			buildSettings = {
				ALWAYS_EMBED_SWIFT_STANDARD_LIBRARIES = YES;
				BUNDLE_LOADER = "$(TEST_HOST)";
				CODE_SIGN_STYLE = Automatic;
				CURRENT_PROJECT_VERSION = 1;
				DEVELOPMENT_TEAM = 597PF7552F;
				GENERATE_INFOPLIST_FILE = YES;
				IPHONEOS_DEPLOYMENT_TARGET = 16.0;
				MACOSX_DEPLOYMENT_TARGET = 12.3;
				MARKETING_VERSION = 1.0;
				PRODUCT_BUNDLE_IDENTIFIER = kelkamonStudios.RayMarchingTests;
				PRODUCT_NAME = "$(TARGET_NAME)";
				SDKROOT = auto;
				SUPPORTED_PLATFORMS = "iphoneos iphonesimulator macosx";
				SWIFT_EMIT_LOC_STRINGS = NO;
				SWIFT_VERSION = 5.0;
				TARGETED_DEVICE_FAMILY = "1,2";
				TEST_HOST = "$(BUILT_PRODUCTS_DIR)/RayMarching.app/$(BUNDLE_EXECUTABLE_FOLDER_PATH)/RayMarching";
			};
			name = Debug;
		};
		30D1F646291591EB00E02064 /* Release */ = {
			isa = XCBuildConfiguration;
			buildSettings = {
				ALWAYS_EMBED_SWIFT_STANDARD_LIBRARIES = YES;
				BUNDLE_LOADER = "$(TEST_HOST)";
				CODE_SIGN_STYLE = Automatic;
				CURRENT_PROJECT_VERSION = 1;
				DEVELOPMENT_TEAM = 597PF7552F;
				GENERATE_INFOPLIST_FILE = YES;
				IPHONEOS_DEPLOYMENT_TARGET = 16.0;
				MACOSX_DEPLOYMENT_TARGET = 12.3;
				MARKETING_VERSION = 1.0;
				PRODUCT_BUNDLE_IDENTIFIER = kelkamonStudios.RayMarchingTests;
				PRODUCT_NAME = "$(TARGET_NAME)";
				SDKROOT = auto;
				SUPPORTED_PLATFORMS = "iphoneos iphonesimulator macosx";
				SWIFT_EMIT_LOC_STRINGS = NO;
				SWIFT_VERSION = 5.0;
				TARGETED_DEVICE_FAMILY = "1,2";
				TEST_HOST = "$(BUILT_PRODUCTS_DIR)/RayMarching.app/$(BUNDLE_EXECUTABLE_FOLDER_PATH)/RayMarching";
			};
			name = Release;
		};
		30D1F648291591EB00E02064 /* Debug */ = {
			isa = XCBuildConfiguration;
			buildSettings = {
				ALWAYS_EMBED_SWIFT_STANDARD_LIBRARIES = YES;
				CODE_SIGN_STYLE = Automatic;
				CURRENT_PROJECT_VERSION = 1;
				DEVELOPMENT_TEAM = 597PF7552F;
				GENERATE_INFOPLIST_FILE = YES;
				IPHONEOS_DEPLOYMENT_TARGET = 16.0;
				MACOSX_DEPLOYMENT_TARGET = 12.3;
				MARKETING_VERSION = 1.0;
				PRODUCT_BUNDLE_IDENTIFIER = kelkamonStudios.RayMarchingUITests;
				PRODUCT_NAME = "$(TARGET_NAME)";
				SDKROOT = auto;
				SUPPORTED_PLATFORMS = "iphoneos iphonesimulator macosx";
				SWIFT_EMIT_LOC_STRINGS = NO;
				SWIFT_VERSION = 5.0;
				TARGETED_DEVICE_FAMILY = "1,2";
				TEST_TARGET_NAME = RayMarching;
			};
			name = Debug;
		};
		30D1F649291591EB00E02064 /* Release */ = {
			isa = XCBuildConfiguration;
			buildSettings = {
				ALWAYS_EMBED_SWIFT_STANDARD_LIBRARIES = YES;
				CODE_SIGN_STYLE = Automatic;
				CURRENT_PROJECT_VERSION = 1;
				DEVELOPMENT_TEAM = 597PF7552F;
				GENERATE_INFOPLIST_FILE = YES;
				IPHONEOS_DEPLOYMENT_TARGET = 16.0;
				MACOSX_DEPLOYMENT_TARGET = 12.3;
				MARKETING_VERSION = 1.0;
				PRODUCT_BUNDLE_IDENTIFIER = kelkamonStudios.RayMarchingUITests;
				PRODUCT_NAME = "$(TARGET_NAME)";
				SDKROOT = auto;
				SUPPORTED_PLATFORMS = "iphoneos iphonesimulator macosx";
				SWIFT_EMIT_LOC_STRINGS = NO;
				SWIFT_VERSION = 5.0;
				TARGETED_DEVICE_FAMILY = "1,2";
				TEST_TARGET_NAME = RayMarching;
			};
			name = Release;
		};
/* End XCBuildConfiguration section */

/* Begin XCConfigurationList section */
		30D1F617291591E900E02064 /* Build configuration list for PBXProject "RayMarching" */ = {
			isa = XCConfigurationList;
			buildConfigurations = (
				30D1F63F291591EB00E02064 /* Debug */,
				30D1F640291591EB00E02064 /* Release */,
			);
			defaultConfigurationIsVisible = 0;
			defaultConfigurationName = Release;
		};
		30D1F641291591EB00E02064 /* Build configuration list for PBXNativeTarget "RayMarching" */ = {
			isa = XCConfigurationList;
			buildConfigurations = (
				30D1F642291591EB00E02064 /* Debug */,
				30D1F643291591EB00E02064 /* Release */,
			);
			defaultConfigurationIsVisible = 0;
			defaultConfigurationName = Release;
		};
		30D1F644291591EB00E02064 /* Build configuration list for PBXNativeTarget "RayMarchingTests" */ = {
			isa = XCConfigurationList;
			buildConfigurations = (
				30D1F645291591EB00E02064 /* Debug */,
				30D1F646291591EB00E02064 /* Release */,
			);
			defaultConfigurationIsVisible = 0;
			defaultConfigurationName = Release;
		};
		30D1F647291591EB00E02064 /* Build configuration list for PBXNativeTarget "RayMarchingUITests" */ = {
			isa = XCConfigurationList;
			buildConfigurations = (
				30D1F648291591EB00E02064 /* Debug */,
				30D1F649291591EB00E02064 /* Release */,
			);
			defaultConfigurationIsVisible = 0;
			defaultConfigurationName = Release;
		};
/* End XCConfigurationList section */
	};
	rootObject = 30D1F614291591E900E02064 /* Project object */;
}
