{
  "pins" : [
    {
      "identity" : "shaderkit",
      "kind" : "remoteSourceControl",
      "location" : "https://github.com/Npikielny/ShaderKit.git",
      "state" : {
        "branch" : "main",
        "revision" : "e7e59e74e2fa035bd6bcf0ec3916e2684fd12986"
      }
    }
  ],
  "version" : 2
}
